
Microsoft Visual Studio Solution File, Format Version 12.00
# Visual Studio Version 16
VisualStudioVersion = 16.0.30413.136
MinimumVisualStudioVersion = 10.0.40219.1
Project("{FAE04EC0-301F-11D3-BF4B-00C04F79EFBC}") = "MergePDF", "MergePDF\MergePDF.csproj", "{4383B222-AA03-4325-B12D-5B8F1F6251F9}"
EndProject
Global
	GlobalSection(SolutionConfigurationPlatforms) = preSolution
		Debug|Any CPU = Debug|Any CPU
		Release|Any CPU = Release|Any CPU
	EndGlobalSection
	GlobalSection(ProjectConfigurationPlatforms) = postSolution
		{4383B222-AA03-4325-B12D-5B8F1F6251F9}.Debug|Any CPU.ActiveCfg = Debug|Any CPU
		{4383B222-AA03-4325-B12D-5B8F1F6251F9}.Debug|Any CPU.Build.0 = Debug|Any CPU
		{4383B222-AA03-4325-B12D-5B8F1F6251F9}.Release|Any CPU.ActiveCfg = Release|Any CPU
		{4383B222-AA03-4325-B12D-5B8F1F6251F9}.Release|Any CPU.Build.0 = Release|Any CPU
	EndGlobalSection
	GlobalSection(SolutionProperties) = preSolution
		HideSolutionNode = FALSE
	EndGlobalSection
	GlobalSection(ExtensibilityGlobals) = postSolution
		SolutionGuid = {8AF4E8A7-D462-41BE-A6F9-ECA75A2A5141}
	EndGlobalSection
EndGlobal
